{
  "requires": true,
  "lockfileVersion": 1,
  "dependencies": {
    "simplelightbox": {
      "version": "2.8.0",
      "resolved": "https://registry.npmjs.org/simplelightbox/-/simplelightbox-2.8.0.tgz",
      "integrity": "sha512-OvX52h8bpVwR0WcKd3YX2fNJnEkLjel+bH5osMW1umuUG5ERvotVwZCmfl2sAkkJ8G97k3jn5QNh6IoPzD6Gug=="
    }
  }
}
